
Microsoft Visual Studio Solution File, Format Version 12.00
# Visual Studio 15
VisualStudioVersion = 15.0.26730.16
MinimumVisualStudioVersion = 10.0.40219.1
Project("{9A19103F-16F7-4668-BE54-9A1E7A4F7556}") = "prmToolkit.EnumExtension", "prmToolkit.EnumExtension\prmToolkit.EnumExtension.csproj", "{17A5D9F1-FD34-4959-9EC7-5FB1B279DEA0}"
EndProject
Global
	GlobalSection(SolutionConfigurationPlatforms) = preSolution
		Debug|Any CPU = Debug|Any CPU
		Release|Any CPU = Release|Any CPU
	EndGlobalSection
	GlobalSection(ProjectConfigurationPlatforms) = postSolution
		{17A5D9F1-FD34-4959-9EC7-5FB1B279DEA0}.Debug|Any CPU.ActiveCfg = Debug|Any CPU
		{17A5D9F1-FD34-4959-9EC7-5FB1B279DEA0}.Debug|Any CPU.Build.0 = Debug|Any CPU
		{17A5D9F1-FD34-4959-9EC7-5FB1B279DEA0}.Release|Any CPU.ActiveCfg = Release|Any CPU
		{17A5D9F1-FD34-4959-9EC7-5FB1B279DEA0}.Release|Any CPU.Build.0 = Release|Any CPU
	EndGlobalSection
	GlobalSection(SolutionProperties) = preSolution
		HideSolutionNode = FALSE
	EndGlobalSection
	GlobalSection(ExtensibilityGlobals) = postSolution
		SolutionGuid = {1B24CFD3-23D6-400E-9755-3A5A03E8789E}
	EndGlobalSection
EndGlobal
